
Microsoft Visual Studio Solution File, Format Version 12.00
# Visual Studio Version 17
VisualStudioVersion = 17.10.34928.147
MinimumVisualStudioVersion = 10.0.40219.1
Project("{FAE04EC0-301F-11D3-BF4B-00C04F79EFBC}") = "OOPDemo03", "OOPDemo03\OOPDemo03.csproj", "{01ED1D14-7078-48AC-8DD0-956D0F530E75}"
EndProject
Global
	GlobalSection(SolutionConfigurationPlatforms) = preSolution
		Debug|Any CPU = Debug|Any CPU
		Release|Any CPU = Release|Any CPU
	EndGlobalSection
	GlobalSection(ProjectConfigurationPlatforms) = postSolution
		{01ED1D14-7078-48AC-8DD0-956D0F530E75}.Debug|Any CPU.ActiveCfg = Debug|Any CPU
		{01ED1D14-7078-48AC-8DD0-956D0F530E75}.Debug|Any CPU.Build.0 = Debug|Any CPU
		{01ED1D14-7078-48AC-8DD0-956D0F530E75}.Release|Any CPU.ActiveCfg = Release|Any CPU
		{01ED1D14-7078-48AC-8DD0-956D0F530E75}.Release|Any CPU.Build.0 = Release|Any CPU
	EndGlobalSection
	GlobalSection(SolutionProperties) = preSolution
		HideSolutionNode = FALSE
	EndGlobalSection
	GlobalSection(ExtensibilityGlobals) = postSolution
		SolutionGuid = {52CE6B7B-3C38-4BA9-8782-6A1A8BAF2865}
	EndGlobalSection
EndGlobal
